
Microsoft Visual Studio Solution File, Format Version 12.00
# Visual Studio Version 16
VisualStudioVersion = 16.0.29123.88
MinimumVisualStudioVersion = 10.0.40219.1
Project("{FAE04EC0-301F-11D3-BF4B-00C04F79EFBC}") = "Hasher", "Hasher.csproj", "{33D2C6D4-EC7D-4EFD-9FE0-77B86F666CA3}"
EndProject
Global
	GlobalSection(SolutionConfigurationPlatforms) = preSolution
		Debug|Any CPU = Debug|Any CPU
		Release|Any CPU = Release|Any CPU
	EndGlobalSection
	GlobalSection(ProjectConfigurationPlatforms) = postSolution
		{33D2C6D4-EC7D-4EFD-9FE0-77B86F666CA3}.Debug|Any CPU.ActiveCfg = Debug|Any CPU
		{33D2C6D4-EC7D-4EFD-9FE0-77B86F666CA3}.Debug|Any CPU.Build.0 = Debug|Any CPU
		{33D2C6D4-EC7D-4EFD-9FE0-77B86F666CA3}.Release|Any CPU.ActiveCfg = Release|Any CPU
		{33D2C6D4-EC7D-4EFD-9FE0-77B86F666CA3}.Release|Any CPU.Build.0 = Release|Any CPU
	EndGlobalSection
	GlobalSection(SolutionProperties) = preSolution
		HideSolutionNode = FALSE
	EndGlobalSection
	GlobalSection(ExtensibilityGlobals) = postSolution
		SolutionGuid = {7A044081-272C-4391-A742-E59132B6129A}
	EndGlobalSection
EndGlobal
